
Microsoft Visual Studio Solution File, Format Version 12.00
# Visual Studio Version 17
VisualStudioVersion = 17.4.33122.133
MinimumVisualStudioVersion = 10.0.40219.1
Project("{FAE04EC0-301F-11D3-BF4B-00C04F79EFBC}") = "Jordan Green. st10083222. PROG7312. POE", "Jordan Green. st10083222. PROG7312. POE.csproj", "{7B4DB7DA-B346-4EDB-AF33-D61E4DFE96C6}"
EndProject
Global
	GlobalSection(SolutionConfigurationPlatforms) = preSolution
		Debug|Any CPU = Debug|Any CPU
		Release|Any CPU = Release|Any CPU
	EndGlobalSection
	GlobalSection(ProjectConfigurationPlatforms) = postSolution
		{7B4DB7DA-B346-4EDB-AF33-D61E4DFE96C6}.Debug|Any CPU.ActiveCfg = Debug|Any CPU
		{7B4DB7DA-B346-4EDB-AF33-D61E4DFE96C6}.Debug|Any CPU.Build.0 = Debug|Any CPU
		{7B4DB7DA-B346-4EDB-AF33-D61E4DFE96C6}.Release|Any CPU.ActiveCfg = Release|Any CPU
		{7B4DB7DA-B346-4EDB-AF33-D61E4DFE96C6}.Release|Any CPU.Build.0 = Release|Any CPU
	EndGlobalSection
	GlobalSection(SolutionProperties) = preSolution
		HideSolutionNode = FALSE
	EndGlobalSection
	GlobalSection(ExtensibilityGlobals) = postSolution
		SolutionGuid = {F7A6877B-3E5F-4635-9F7A-F907B432DDC3}
	EndGlobalSection
EndGlobal
